# THIS IS AN AUTOGENERATED FILE. DO NOT EDIT THIS FILE DIRECTLY.
# yarn lockfile v1


"@types/earcut@^2.1.1":
  version "2.1.4"
  resolved "https://registry.yarnpkg.com/@types/earcut/-/earcut-2.1.4.tgz#5811d7d333048f5a7573b22ddc84923e69596da6"
  integrity sha512-qp3m9PPz4gULB9MhjGID7wpo3gJ4bTGXm7ltNDsmOvsPduTeHp8wSW9YckBj3mljeOh4F0m2z/0JKAALRKbmLQ==

"@types/node@^14.14.31":
  version "14.18.63"
  resolved "https://registry.yarnpkg.com/@types/node/-/node-14.18.63.tgz#1788fa8da838dbb5f9ea994b834278205db6ca2b"
  integrity sha512-fAtCfv4jJg+ExtXhvCkCqUKZ+4ok/JQk01qDKhL5BDDoS3AxKXhV5/MAVUZyQnSEd2GT92fkgZl0pz0Q0AzcIQ==

"@types/pako@^1.0.2":
  version "1.0.7"
  resolved "https://registry.yarnpkg.com/@types/pako/-/pako-1.0.7.tgz#aa0e4af9855d81153a29ff84cc44cce25298eda9"
  integrity sha512-YBtzT2ztNF6R/9+UXj2wTGFnC9NklAnASt3sC0h2m1bbH7G6FyBIkt4AN8ThZpNfxUo1b2iMVO0UawiJymEt8A==

"@types/pbf@^3.0.2":
  version "3.0.5"
  resolved "https://registry.yarnpkg.com/@types/pbf/-/pbf-3.0.5.tgz#a9495a58d8c75be4ffe9a0bd749a307715c07404"
  integrity sha512-j3pOPiEcWZ34R6a6mN07mUkM4o4Lwf6hPNt8eilOeZhTFbxFXmKhvXl9Y28jotFPaI1bpPDJsbCprUoNke6OrA==

"@types/polylabel@^1.0.5":
  version "1.1.3"
  resolved "https://registry.yarnpkg.com/@types/polylabel/-/polylabel-1.1.3.tgz#15aba4277b03ac0ab60a0dea75a13bde45dcfc01"
  integrity sha512-9Zw2KoDpi+T4PZz2G6pO2xArE0m/GSMTW1MIxF2s8ZY8x9XDO6fv9um0ydRGvcbkFLlaq8yNK6eZxnmMZtDgWQ==

"@types/rbush@^3.0.0":
  version "3.0.4"
  resolved "https://registry.yarnpkg.com/@types/rbush/-/rbush-3.0.4.tgz#265d84ec76dc48e464e95ae4f58e085f28f0a227"
  integrity sha512-knSt9cCW8jj1ZSFcFeBZaX++OucmfPxxHiRwTahZfJlnQsek7O0bazTJHWD2RVj9LEoejUYF2de3/stf+QXcXw==

"@types/three@^0.134.0":
  version "0.134.0"
  resolved "https://registry.yarnpkg.com/@types/three/-/three-0.134.0.tgz#22ae9892f4490faaf35f0ccea127df18407b8ab3"
  integrity sha512-4YB+99Rgqq27EjiYTItEoZtdjLnTh8W9LxowgpC9eWsjaQJIL4Kn/ZcUKAnW3gB/jS4hqGN8iqmid+RcUZDzpA==

"@types/virtual-dom@^2.1.1":
  version "2.1.4"
  resolved "https://registry.yarnpkg.com/@types/virtual-dom/-/virtual-dom-2.1.4.tgz#9626e7cda51483d16d20f2d3dee2c4b62357f8dc"
  integrity sha512-Y7L/frVydXRd16MevczslJZQu+QWsrqZlj6ytk7mST3xen0fkx7Ollw31By/89A8Wq+nfNWm/IoTR1ac/0fRhA==

browser-split@0.0.1:
  version "0.0.1"
  resolved "https://registry.yarnpkg.com/browser-split/-/browser-split-0.0.1.tgz#7b097574f8e3ead606fb4664e64adfdda2981a93"
  integrity sha512-JhvgRb2ihQhsljNda3BI8/UcRHVzrVwo3Q+P8vDtSiyobXuFpuZ9mq+MbRGMnC22CjW3RrfXdg6j6ITX8M+7Ow==

camelize@^1.0.0:
  version "1.0.1"
  resolved "https://registry.yarnpkg.com/camelize/-/camelize-1.0.1.tgz#89b7e16884056331a35d6b5ad064332c91daa6c3"
  integrity sha512-dU+Tx2fsypxTgtLoE36npi3UqcjSSMNYfkqgmoEhtZrraP5VWq0K7FkWVTYa8eMPtnU/G2txVsfdCJTn9uzpuQ==

dom-walk@^0.1.0:
  version "0.1.2"
  resolved "https://registry.yarnpkg.com/dom-walk/-/dom-walk-0.1.2.tgz#0c548bef048f4d1f2a97249002236060daa3fd84"
  integrity sha512-6QvTW9mrGeIegrFXdtQi9pk7O/nSK6lSdXW2eqUspN5LWD7UTji2Fqw5V2YLjBpHEoU9Xl/eUWNpDeZvoyOv2w==

earcut@^2.2.3:
  version "2.2.4"
  resolved "https://registry.yarnpkg.com/earcut/-/earcut-2.2.4.tgz#6d02fd4d68160c114825d06890a92ecaae60343a"
  integrity sha512-/pjZsA1b4RPHbeWZQn66SWS8nZZWLQQ23oE3Eam7aroEFGEvwKAsJfZ9ytiEMycfzXWpca4FA9QIOehf7PocBQ==

error@^4.3.0:
  version "4.4.0"
  resolved "https://registry.yarnpkg.com/error/-/error-4.4.0.tgz#bf69ff251fb4a279c19adccdaa6b61e90d9bf12a"
  integrity sha512-SNDKualLUtT4StGFP7xNfuFybL2f6iJujFtrWuvJqGbVQGaN+adE23veqzPz1hjUjTunLi2EnJ+0SJxtbJreKw==
  dependencies:
    camelize "^1.0.0"
    string-template "~0.2.0"
    xtend "~4.0.0"

ev-store@^7.0.0:
  version "7.0.0"
  resolved "https://registry.yarnpkg.com/ev-store/-/ev-store-7.0.0.tgz#1ab0c7f82136505dd74b31d17701cb2be6d26558"
  integrity sha512-otazchNRnGzp2YarBJ+GXKVGvhxVATB1zmaStxJBYet0Dyq7A9VhH8IUEB/gRcL6Ch52lfpgPTRJ2m49epyMsQ==
  dependencies:
    individual "^3.0.0"

global@^4.3.0:
  version "4.4.0"
  resolved "https://registry.yarnpkg.com/global/-/global-4.4.0.tgz#3e7b105179006a323ed71aafca3e9c57a5cc6406"
  integrity sha512-wv/LAoHdRE3BeTGz53FAamhGlPLhlssK45usmGFThIi4XqnBmjKQ16u+RNbP7WvigRZDxUsM0J3gcQ5yicaL0w==
  dependencies:
    min-document "^2.19.0"
    process "^0.11.10"

ieee754@^1.1.12:
  version "1.2.1"
  resolved "https://registry.yarnpkg.com/ieee754/-/ieee754-1.2.1.tgz#8eb7a10a63fff25d15a57b001586d177d1b0d352"
  integrity sha512-dcyqhDvX1C46lXZcVqCpK+FtMRQVdIMN6/Df5js2zouUsqG7I6sFxitIC+7KYK29KdXOLHdu9zL4sFnoVQnqaA==

individual@^3.0.0:
  version "3.0.0"
  resolved "https://registry.yarnpkg.com/individual/-/individual-3.0.0.tgz#e7ca4f85f8957b018734f285750dc22ec2f9862d"
  integrity sha512-rUY5vtT748NMRbEMrTNiFfy29BgGZwGXUi2NFUVMWQrogSLzlJvQV9eeMWi+g1aVaQ53tpyLAQtd5x/JH0Nh1g==

is-object@^1.0.1:
  version "1.0.2"
  resolved "https://registry.yarnpkg.com/is-object/-/is-object-1.0.2.tgz#a56552e1c665c9e950b4a025461da87e72f86fcf"
  integrity sha512-2rRIahhZr2UWb45fIOuvZGpFtz0TyOZLf32KxBbSoUCeZR495zCKlWUKKUByk3geS2eAs7ZAABt0Y/Rx0GiQGA==

long@^3.2.0:
  version "3.2.0"
  resolved "https://registry.yarnpkg.com/long/-/long-3.2.0.tgz#d821b7138ca1cb581c172990ef14db200b5c474b"
  integrity sha512-ZYvPPOMqUwPoDsbJaR10iQJYnMuZhRTvHYl62ErLIEX7RgFlziSBUUvrt3OVfc47QlHHpzPZYP17g3Fv7oeJkg==

mapillary-js@^4.1.2:
  version "4.1.2"
  resolved "https://registry.yarnpkg.com/mapillary-js/-/mapillary-js-4.1.2.tgz#ed4df0e0926a6af6f46d28b73181e154cc429b67"
  integrity sha512-LYj6xbp/Y9wfBkr/prRwgJGb3+KwvzUri0yl5QEpMEH7oC1p52ErshWmPXysKefmm6JaFML4D7FJ89viwJ4T5g==
  dependencies:
    "@types/earcut" "^2.1.1"
    "@types/node" "^14.14.31"
    "@types/pako" "^1.0.2"
    "@types/pbf" "^3.0.2"
    "@types/polylabel" "^1.0.5"
    "@types/rbush" "^3.0.0"
    "@types/three" "^0.134.0"
    "@types/virtual-dom" "^2.1.1"
    earcut "^2.2.3"
    martinez-polygon-clipping "^0.7.1"
    pako "^2.0.4"
    pbf "^3.2.1"
    polylabel "^1.1.0"
    rbush "^3.0.1"
    rxjs "^7.3.0"
    s2-geometry "^1.2.10"
    three "^0.134.0"
    virtual-dom "^2.1.1"

martinez-polygon-clipping@^0.7.1:
  version "0.7.4"
  resolved "https://registry.yarnpkg.com/martinez-polygon-clipping/-/martinez-polygon-clipping-0.7.4.tgz#f7b27f9bdf05fe8d770531605919eeb84764f237"
  integrity sha512-jBEwrKtA0jTagUZj2bnmb4Yg2s4KnJGRePStgI7bAVjtcipKiF39R4LZ2V/UT61jMYWrTcBhPazexeqd6JAVtw==
  dependencies:
    robust-predicates "^2.0.4"
    splaytree "^0.1.4"
    tinyqueue "^1.2.0"

min-document@^2.19.0:
  version "2.19.0"
  resolved "https://registry.yarnpkg.com/min-document/-/min-document-2.19.0.tgz#7bd282e3f5842ed295bb748cdd9f1ffa2c824685"
  integrity sha512-9Wy1B3m3f66bPPmU5hdA4DR4PB2OfDU/+GS3yAB7IQozE3tqXaVv2zOjgla7MEGSRv95+ILmOuvhLkOK6wJtCQ==
  dependencies:
    dom-walk "^0.1.0"

next-tick@^0.2.2:
  version "0.2.2"
  resolved "https://registry.yarnpkg.com/next-tick/-/next-tick-0.2.2.tgz#75da4a927ee5887e39065880065b7336413b310d"
  integrity sha512-f7h4svPtl+QidoBv4taKXUjJ70G2asaZ8G28nS0OkqaalX8dwwrtWtyxEDPK62AC00ur/+/E0pUwBwY5EPn15Q==

pako@^2.0.4:
  version "2.1.0"
  resolved "https://registry.yarnpkg.com/pako/-/pako-2.1.0.tgz#266cc37f98c7d883545d11335c00fbd4062c9a86"
  integrity sha512-w+eufiZ1WuJYgPXbV/PO3NCMEc3xqylkKHzp8bxp1uW4qaSNQUkwmLLEc3kKsfz8lpV1F8Ht3U1Cm+9Srog2ug==

pbf@^3.2.1:
  version "3.3.0"
  resolved "https://registry.yarnpkg.com/pbf/-/pbf-3.3.0.tgz#1790f3d99118333cc7f498de816028a346ef367f"
  integrity sha512-XDF38WCH3z5OV/OVa8GKUNtLAyneuzbCisx7QUCF8Q6Nutx0WnJrQe5O+kOtBlLfRNUws98Y58Lblp+NJG5T4Q==
  dependencies:
    ieee754 "^1.1.12"
    resolve-protobuf-schema "^2.1.0"

polylabel@^1.1.0:
  version "1.1.0"
  resolved "https://registry.yarnpkg.com/polylabel/-/polylabel-1.1.0.tgz#9483e64fc7a12a49f43e07e7a06752214ed2a8e7"
  integrity sha512-bxaGcA40sL3d6M4hH72Z4NdLqxpXRsCFk8AITYg6x1rn1Ei3izf00UMLklerBZTO49aPA3CYrIwVulx2Bce2pA==
  dependencies:
    tinyqueue "^2.0.3"

process@^0.11.10:
  version "0.11.10"
  resolved "https://registry.yarnpkg.com/process/-/process-0.11.10.tgz#7332300e840161bda3e69a1d1d91a7d4bc16f182"
  integrity sha512-cdGef/drWFoydD1JsMzuFf8100nZl+GT+yacc2bEced5f9Rjk4z+WtFUTBu9PhOi9j/jfmBPu0mMEY4wIdAF8A==

protocol-buffers-schema@^3.3.1:
  version "3.6.0"
  resolved "https://registry.yarnpkg.com/protocol-buffers-schema/-/protocol-buffers-schema-3.6.0.tgz#77bc75a48b2ff142c1ad5b5b90c94cd0fa2efd03"
  integrity sha512-TdDRD+/QNdrCGCE7v8340QyuXd4kIWIgapsE2+n/SaGiSSbomYl4TjHlvIoCWRpE7wFt02EpB35VVA2ImcBVqw==

quickselect@^2.0.0:
  version "2.0.0"
  resolved "https://registry.yarnpkg.com/quickselect/-/quickselect-2.0.0.tgz#f19680a486a5eefb581303e023e98faaf25dd018"
  integrity sha512-RKJ22hX8mHe3Y6wH/N3wCM6BWtjaxIyyUIkpHOvfFnxdI4yD4tBXEBKSbriGujF6jnSVkJrffuo6vxACiSSxIw==

rbush@^3.0.1:
  version "3.0.1"
  resolved "https://registry.yarnpkg.com/rbush/-/rbush-3.0.1.tgz#5fafa8a79b3b9afdfe5008403a720cc1de882ecf"
  integrity sha512-XRaVO0YecOpEuIvbhbpTrZgoiI6xBlz6hnlr6EHhd+0x9ase6EmeN+hdwwUaJvLcsFFQ8iWVF1GAK1yB0BWi0w==
  dependencies:
    quickselect "^2.0.0"

resolve-protobuf-schema@^2.1.0:
  version "2.1.0"
  resolved "https://registry.yarnpkg.com/resolve-protobuf-schema/-/resolve-protobuf-schema-2.1.0.tgz#9ca9a9e69cf192bbdaf1006ec1973948aa4a3758"
  integrity sha512-kI5ffTiZWmJaS/huM8wZfEMer1eRd7oJQhDuxeCLe3t7N7mX3z94CN0xPxBQxFYQTSNz9T0i+v6inKqSdK8xrQ==
  dependencies:
    protocol-buffers-schema "^3.3.1"

robust-predicates@^2.0.4:
  version "2.0.4"
  resolved "https://registry.yarnpkg.com/robust-predicates/-/robust-predicates-2.0.4.tgz#0a2367a93abd99676d075981707f29cfb402248b"
  integrity sha512-l4NwboJM74Ilm4VKfbAtFeGq7aEjWL+5kVFcmgFA2MrdnQWx9iE/tUGvxY5HyMI7o/WpSIUFLbC5fbeaHgSCYg==

rxjs@^7.3.0:
  version "7.8.1"
  resolved "https://registry.yarnpkg.com/rxjs/-/rxjs-7.8.1.tgz#6f6f3d99ea8044291efd92e7c7fcf562c4057543"
  integrity sha512-AA3TVj+0A2iuIoQkWEK/tqFjBq2j+6PO6Y0zJcvzLAFhEFIO3HL0vls9hWLncZbAAbK0mar7oZ4V079I/qPMxg==
  dependencies:
    tslib "^2.1.0"

s2-geometry@^1.2.10:
  version "1.2.10"
  resolved "https://registry.yarnpkg.com/s2-geometry/-/s2-geometry-1.2.10.tgz#c6ff22f3eccafd0eea491b60b44c141b9887acab"
  integrity sha512-5WejfQu1XZ25ZerW8uL6xP1sM2krcOYKhI6TbfybGRf+vTQLrm3E+4n0+1lWg+MYqFjPzoe51zKhn2sBRMCt5g==
  dependencies:
    long "^3.2.0"

splaytree@^0.1.4:
  version "0.1.4"
  resolved "https://registry.yarnpkg.com/splaytree/-/splaytree-0.1.4.tgz#fc35475248edcc29d4938c9b67e43c6b7e55a659"
  integrity sha512-D50hKrjZgBzqD3FT2Ek53f2dcDLAQT8SSGrzj3vidNH5ISRgceeGVJ2dQIthKOuayqFXfFjXheHNo4bbt9LhRQ==

string-template@~0.2.0:
  version "0.2.1"
  resolved "https://registry.yarnpkg.com/string-template/-/string-template-0.2.1.tgz#42932e598a352d01fc22ec3367d9d84eec6c9add"
  integrity sha512-Yptehjogou2xm4UJbxJ4CxgZx12HBfeystp0y3x7s4Dj32ltVVG1Gg8YhKjHZkHicuKpZX/ffilA8505VbUbpw==

three@^0.134.0:
  version "0.134.0"
  resolved "https://registry.yarnpkg.com/three/-/three-0.134.0.tgz#d7ad4d85d050da0861bf39749b06ddfb5f17157f"
  integrity sha512-LbBerg7GaSPjYtTOnu41AMp7tV6efUNR3p4Wk5NzkSsNTBuA5mDGOfwwZL1jhhVMLx9V20HolIUo0+U3AXehbg==

tinyqueue@^1.2.0:
  version "1.2.3"
  resolved "https://registry.yarnpkg.com/tinyqueue/-/tinyqueue-1.2.3.tgz#b6a61de23060584da29f82362e45df1ec7353f3d"
  integrity sha512-Qz9RgWuO9l8lT+Y9xvbzhPT2efIUIFd69N7eF7tJ9lnQl0iLj1M7peK7IoUGZL9DJHw9XftqLreccfxcQgYLxA==

tinyqueue@^2.0.3:
  version "2.0.3"
  resolved "https://registry.yarnpkg.com/tinyqueue/-/tinyqueue-2.0.3.tgz#64d8492ebf39e7801d7bd34062e29b45b2035f08"
  integrity sha512-ppJZNDuKGgxzkHihX8v9v9G5f+18gzaTfrukGrq6ueg0lmH4nqVnA2IPG0AEH3jKEk2GRJCUhDoqpoiw3PHLBA==

tslib@^2.1.0:
  version "2.7.0"
  resolved "https://registry.yarnpkg.com/tslib/-/tslib-2.7.0.tgz#d9b40c5c40ab59e8738f297df3087bf1a2690c01"
  integrity sha512-gLXCKdN1/j47AiHiOkJN69hJmcbGTHI0ImLmbYLHykhgeN0jVGola9yVjFgzCUklsZQMW55o+dW7IXv3RCXDzA==

virtual-dom@^2.1.1:
  version "2.1.1"
  resolved "https://registry.yarnpkg.com/virtual-dom/-/virtual-dom-2.1.1.tgz#80eda2d481b9ede0c049118cefcb4a05f21d1375"
  integrity sha512-wb6Qc9Lbqug0kRqo/iuApfBpJJAq14Sk1faAnSmtqXiwahg7PVTvWMs9L02Z8nNIMqbwsxzBAA90bbtRLbw0zg==
  dependencies:
    browser-split "0.0.1"
    error "^4.3.0"
    ev-store "^7.0.0"
    global "^4.3.0"
    is-object "^1.0.1"
    next-tick "^0.2.2"
    x-is-array "0.1.0"
    x-is-string "0.1.0"

x-is-array@0.1.0:
  version "0.1.0"
  resolved "https://registry.yarnpkg.com/x-is-array/-/x-is-array-0.1.0.tgz#de520171d47b3f416f5587d629b89d26b12dc29d"
  integrity sha512-goHPif61oNrr0jJgsXRfc8oqtYzvfiMJpTqwE7Z4y9uH+T3UozkGqQ4d2nX9mB9khvA8U2o/UbPOFjgC7hLWIA==

x-is-string@0.1.0:
  version "0.1.0"
  resolved "https://registry.yarnpkg.com/x-is-string/-/x-is-string-0.1.0.tgz#474b50865af3a49a9c4657f05acd145458f77d82"
  integrity sha512-GojqklwG8gpzOVEVki5KudKNoq7MbbjYZCbyWzEz7tyPA7eleiE0+ePwOWQQRb5fm86rD3S8Tc0tSFf3AOv50w==

xtend@~4.0.0:
  version "4.0.2"
  resolved "https://registry.yarnpkg.com/xtend/-/xtend-4.0.2.tgz#bb72779f5fa465186b1f438f674fa347fdb5db54"
  integrity sha512-LKYU1iAXJXUgAXn9URjiu+MWhyUXHsvfp7mcuYm9dSUKK0/CjtrUwFAxD82/mCWbtLsGjFIad0wIsod4zrTAEQ==
